// !$*UTF8*$!
{
	archiveVersion = 1;
	classes = {
	};
	objectVersion = 56;
	objects = {

/* Begin PBXBuildFile section */
		0407FEDD2FBC723D001B503A /* HomeViewModel.swift in Sources */ = {isa = PBXBuildFile; fileRef = 0407FEDC2FBC723D001B503A /* HomeViewModel.swift */; };
		0407FEDF2FBC7339001B503A /* CompactResumeCard.swift in Sources */ = {isa = PBXBuildFile; fileRef = 0407FEDE2FBC7339001B503A /* CompactResumeCard.swift */; };
		0407FEE12FBC736E001B503A /* CompactCoverLetterCard.swift in Sources */ = {isa = PBXBuildFile; fileRef = 0407FEE02FBC736E001B503A /* CompactCoverLetterCard.swift */; };
		0407FEE32FBC73B7001B503A /* CompactResumeSkeletonCard.swift in Sources */ = {isa = PBXBuildFile; fileRef = 0407FEE22FBC73B7001B503A /* CompactResumeSkeletonCard.swift */; };
		0407FEE52FBC73DC001B503A /* CompactCoverLetterSkeletonCard.swift in Sources */ = {isa = PBXBuildFile; fileRef = 0407FEE42FBC73DC001B503A /* CompactCoverLetterSkeletonCard.swift */; };
		0407FEE72FBC76FC001B503A /* CoverLetterSheetContent.swift in Sources */ = {isa = PBXBuildFile; fileRef = 0407FEE62FBC76FC001B503A /* CoverLetterSheetContent.swift */; };
		0407FEE92FBC776A001B503A /* RevenueCatPaywallOverlay.swift in Sources */ = {isa = PBXBuildFile; fileRef = 0407FEE82FBC776A001B503A /* RevenueCatPaywallOverlay.swift */; };
		04144CEC2F6962D000A47000 /* SupabaseManager.swift in Sources */ = {isa = PBXBuildFile; fileRef = 04D6BF432F65308400A066B8 /* SupabaseManager.swift */; };
		042F299D2F66D3710023A548 /* ReceiptParser in Frameworks */ = {isa = PBXBuildFile; productRef = 042F299C2F66D3710023A548 /* ReceiptParser */; };
		042F299F2F66D3710023A548 /* RevenueCat in Frameworks */ = {isa = PBXBuildFile; productRef = 042F299E2F66D3710023A548 /* RevenueCat */; };
		042F29A12F66D3710023A548 /* RevenueCatUI in Frameworks */ = {isa = PBXBuildFile; productRef = 042F29A02F66D3710023A548 /* RevenueCatUI */; };
		046F408B2F7161E0004AE45C /* TemplatePickerView.swift in Sources */ = {isa = PBXBuildFile; fileRef = 046F408A2F7161E0004AE45C /* TemplatePickerView.swift */; };
		046F408D2F71628A004AE45C /* TemplateCard.swift in Sources */ = {isa = PBXBuildFile; fileRef = 046F408C2F71628A004AE45C /* TemplateCard.swift */; };
		047B69EF2F63167900DD44BD /* UserCv.swift in Sources */ = {isa = PBXBuildFile; fileRef = 047B69EE2F63167900DD44BD /* UserCv.swift */; };
		047B69F12F6316A200DD44BD /* JobAd.swift in Sources */ = {isa = PBXBuildFile; fileRef = 047B69F02F6316A200DD44BD /* JobAd.swift */; };
		047B69F32F6316CB00DD44BD /* AIService.swift in Sources */ = {isa = PBXBuildFile; fileRef = 047B69F22F6316CB00DD44BD /* AIService.swift */; };
		047B69F52F63170200DD44BD /* UploadJobAdView.swift in Sources */ = {isa = PBXBuildFile; fileRef = 047B69F42F63170200DD44BD /* UploadJobAdView.swift */; };
		047B69F72F6317B800DD44BD /* TailoredResumeView.swift in Sources */ = {isa = PBXBuildFile; fileRef = 047B69F62F6317B800DD44BD /* TailoredResumeView.swift */; };
		047B69F92F631B1E00DD44BD /* ActionCard.swift in Sources */ = {isa = PBXBuildFile; fileRef = 047B69F82F631B1E00DD44BD /* ActionCard.swift */; };
		047B69FB2F63E47100DD44BD /* ATSService.swift in Sources */ = {isa = PBXBuildFile; fileRef = 047B69FA2F63E47100DD44BD /* ATSService.swift */; };
		047B69FD2F63E4AD00DD44BD /* ATSScoreView.swift in Sources */ = {isa = PBXBuildFile; fileRef = 047B69FC2F63E4AD00DD44BD /* ATSScoreView.swift */; };
		047B69FF2F63E52500DD44BD /* StorageService.swift in Sources */ = {isa = PBXBuildFile; fileRef = 047B69FE2F63E52500DD44BD /* StorageService.swift */; };
		047B6A012F63E56700DD44BD /* ResumeLibrary.swift in Sources */ = {isa = PBXBuildFile; fileRef = 047B6A002F63E56700DD44BD /* ResumeLibrary.swift */; };
		047B6A032F63E6AC00DD44BD /* Launch Screen.storyboard in Resources */ = {isa = PBXBuildFile; fileRef = 047B6A022F63E6AC00DD44BD /* Launch Screen.storyboard */; };
		047B6A062F6412E000DD44BD /* SwiftData.framework in Frameworks */ = {isa = PBXBuildFile; fileRef = 047B6A052F6412E000DD44BD /* SwiftData.framework */; settings = {ATTRIBUTES = (Weak, ); }; };
		047B6A082F646EA600DD44BD /* OnboardingItem.swift in Sources */ = {isa = PBXBuildFile; fileRef = 047B6A072F646EA500DD44BD /* OnboardingItem.swift */; };
		047B6A0A2F646F1A00DD44BD /* OnboardingView.swift in Sources */ = {isa = PBXBuildFile; fileRef = 047B6A092F646F1A00DD44BD /* OnboardingView.swift */; };
		047B6A0D2F647E7E00DD44BD /* Auth in Frameworks */ = {isa = PBXBuildFile; productRef = 047B6A0C2F647E7E00DD44BD /* Auth */; };
		047B6A0F2F647E7E00DD44BD /* PostgREST in Frameworks */ = {isa = PBXBuildFile; productRef = 047B6A0E2F647E7E00DD44BD /* PostgREST */; };
		047B6A112F647E7E00DD44BD /* Storage in Frameworks */ = {isa = PBXBuildFile; productRef = 047B6A102F647E7E00DD44BD /* Storage */; };
		04885DEC2F7028AB009A800A /* ProfileViewModel.swift in Sources */ = {isa = PBXBuildFile; fileRef = 04885DEB2F7028AB009A800A /* ProfileViewModel.swift */; };
		04A0B71F2F61837E00B4CB48 /* ResumeAIAppApp.swift in Sources */ = {isa = PBXBuildFile; fileRef = 04A0B71E2F61837E00B4CB48 /* ResumeAIAppApp.swift */; };
		04A0B7212F61837E00B4CB48 /* ContentView.swift in Sources */ = {isa = PBXBuildFile; fileRef = 04A0B7202F61837E00B4CB48 /* ContentView.swift */; };
		04A0B7232F61838B00B4CB48 /* Assets.xcassets in Resources */ = {isa = PBXBuildFile; fileRef = 04A0B7222F61838B00B4CB48 /* Assets.xcassets */; };
		04A0B7262F61838B00B4CB48 /* Preview Assets.xcassets in Resources */ = {isa = PBXBuildFile; fileRef = 04A0B7252F61838B00B4CB48 /* Preview Assets.xcassets */; };
		04A0B7302F61838D00B4CB48 /* ResumeAIAppTests.swift in Sources */ = {isa = PBXBuildFile; fileRef = 04A0B72F2F61838D00B4CB48 /* ResumeAIAppTests.swift */; };
		04A0B73A2F61838D00B4CB48 /* ResumeAIAppUITests.swift in Sources */ = {isa = PBXBuildFile; fileRef = 04A0B7392F61838D00B4CB48 /* ResumeAIAppUITests.swift */; };
		04A0B73C2F61838D00B4CB48 /* ResumeAIAppUITestsLaunchTests.swift in Sources */ = {isa = PBXBuildFile; fileRef = 04A0B73B2F61838D00B4CB48 /* ResumeAIAppUITestsLaunchTests.swift */; };
		04A0B7492F61846F00B4CB48 /* MainTabView.swift in Sources */ = {isa = PBXBuildFile; fileRef = 04A0B7482F61846F00B4CB48 /* MainTabView.swift */; };
		04A0B74D2F6184F300B4CB48 /* ResumeViewModel.swift in Sources */ = {isa = PBXBuildFile; fileRef = 04A0B74C2F6184F300B4CB48 /* ResumeViewModel.swift */; };
		04A0B74F2F61852200B4CB48 /* ResumeCard.swift in Sources */ = {isa = PBXBuildFile; fileRef = 04A0B74E2F61852100B4CB48 /* ResumeCard.swift */; };
		04A0B7512F61856300B4CB48 /* HomeView.swift in Sources */ = {isa = PBXBuildFile; fileRef = 04A0B7502F61856300B4CB48 /* HomeView.swift */; };
		04A0B7532F6185A900B4CB48 /* ResumeEditorView.swift in Sources */ = {isa = PBXBuildFile; fileRef = 04A0B7522F6185A900B4CB48 /* ResumeEditorView.swift */; };
		04A0B7552F6185FD00B4CB48 /* CoverLetterView.swift in Sources */ = {isa = PBXBuildFile; fileRef = 04A0B7542F6185FD00B4CB48 /* CoverLetterView.swift */; };
		04A0B7572F61864000B4CB48 /* SettingsView.swift in Sources */ = {isa = PBXBuildFile; fileRef = 04A0B7562F61864000B4CB48 /* SettingsView.swift */; };
		04A0B7592F61868A00B4CB48 /* PDFService.swift in Sources */ = {isa = PBXBuildFile; fileRef = 04A0B7582F61868A00B4CB48 /* PDFService.swift */; };
		04A7E59A2FBF3A3D0060094D /* HeaderTitle.swift in Sources */ = {isa = PBXBuildFile; fileRef = 04A7E5992FBF3A3D0060094D /* HeaderTitle.swift */; };
		04A7E59C2FBF44010060094D /* Terms&Codition.swift in Sources */ = {isa = PBXBuildFile; fileRef = 04A7E59B2FBF44010060094D /* Terms&Codition.swift */; };
		04C2C4042F77F3840006D1D5 /* Paywall.swift in Sources */ = {isa = PBXBuildFile; fileRef = 04C2C4032F77F3840006D1D5 /* Paywall.swift */; };
		04D6BF462F6530EE00A066B8 /* AuthService.swift in Sources */ = {isa = PBXBuildFile; fileRef = 04D6BF452F6530EE00A066B8 /* AuthService.swift */; };
		04D6BF482F65316600A066B8 /* LoginView.swift in Sources */ = {isa = PBXBuildFile; fileRef = 04D6BF472F65316600A066B8 /* LoginView.swift */; };
		04D6BF4A2F65339500A066B8 /* AuthManager.swift in Sources */ = {isa = PBXBuildFile; fileRef = 04D6BF492F65339500A066B8 /* AuthManager.swift */; };
		04D6BF4C2F6536FB00A066B8 /* Supabase in Frameworks */ = {isa = PBXBuildFile; productRef = 04D6BF4B2F6536FB00A066B8 /* Supabase */; };
		04D6BF4E2F65393000A066B8 /* SignUpView.swift in Sources */ = {isa = PBXBuildFile; fileRef = 04D6BF4D2F65393000A066B8 /* SignUpView.swift */; };
		04D6BF502F6548C500A066B8 /* ProfileView.swift in Sources */ = {isa = PBXBuildFile; fileRef = 04D6BF4F2F6548C500A066B8 /* ProfileView.swift */; };
		04D6BF522F65D4CE00A066B8 /* LinkedInImportView.swift in Sources */ = {isa = PBXBuildFile; fileRef = 04D6BF512F65D4CE00A066B8 /* LinkedInImportView.swift */; };
		04D6BF542F65D51B00A066B8 /* PDFParser.swift in Sources */ = {isa = PBXBuildFile; fileRef = 04D6BF532F65D51B00A066B8 /* PDFParser.swift */; };
		04D6BF562F65D8BD00A066B8 /* AIQuickTool.swift in Sources */ = {isa = PBXBuildFile; fileRef = 04D6BF552F65D8BD00A066B8 /* AIQuickTool.swift */; };
		04DF1FE22F6ADD7500323B51 /* EditProfileView.swift in Sources */ = {isa = PBXBuildFile; fileRef = 04DF1FE12F6ADD7500323B51 /* EditProfileView.swift */; };
		04DF1FE42F6B84E700323B51 /* ATSAnalytics.swift in Sources */ = {isa = PBXBuildFile; fileRef = 04DF1FE32F6B84E700323B51 /* ATSAnalytics.swift */; };
		04DF1FE62F6B859D00323B51 /* ContactSupport.swift in Sources */ = {isa = PBXBuildFile; fileRef = 04DF1FE52F6B859D00323B51 /* ContactSupport.swift */; };
		04DF1FE82F6B860100323B51 /* PrivacyPolicy.swift in Sources */ = {isa = PBXBuildFile; fileRef = 04DF1FE72F6B860100323B51 /* PrivacyPolicy.swift */; };
		04DF1FEA2F6C224A00323B51 /* ResendEmail.swift in Sources */ = {isa = PBXBuildFile; fileRef = 04DF1FE92F6C224A00323B51 /* ResendEmail.swift */; };
		04DF1FEC2F6EA1FB00323B51 /* Supabase.swift in Sources */ = {isa = PBXBuildFile; fileRef = 04DF1FEB2F6EA1FB00323B51 /* Supabase.swift */; };
		04DF1FEE2F6EA42900323B51 /* Models.swift in Sources */ = {isa = PBXBuildFile; fileRef = 04DF1FED2F6EA42900323B51 /* Models.swift */; };
		04E318782FA21CE10009EFAC /* UIViewRepresentable.swift in Sources */ = {isa = PBXBuildFile; fileRef = 04E318772FA21CE10009EFAC /* UIViewRepresentable.swift */; };
		04E3187C2FA228490009EFAC /* Lottie in Frameworks */ = {isa = PBXBuildFile; productRef = 04E3187B2FA228490009EFAC /* Lottie */; };
		04E318812FA22A620009EFAC /* pilot.json in Resources */ = {isa = PBXBuildFile; fileRef = 04E3187D2FA22A610009EFAC /* pilot.json */; };
		04E318822FA22A620009EFAC /* analyze.json in Resources */ = {isa = PBXBuildFile; fileRef = 04E3187E2FA22A610009EFAC /* analyze.json */; };
		04E318832FA22A620009EFAC /* interview.json in Resources */ = {isa = PBXBuildFile; fileRef = 04E3187F2FA22A620009EFAC /* interview.json */; };
		04E318842FA22A620009EFAC /* ai.json in Resources */ = {isa = PBXBuildFile; fileRef = 04E318802FA22A620009EFAC /* ai.json */; };
/* End PBXBuildFile section */

/* Begin PBXContainerItemProxy section */
		04A0B72C2F61838D00B4CB48 /* PBXContainerItemProxy */ = {
			isa = PBXContainerItemProxy;
			containerPortal = 04A0B7132F61837D00B4CB48 /* Project object */;
			proxyType = 1;
			remoteGlobalIDString = 04A0B71A2F61837E00B4CB48;
			remoteInfo = ResumeAIApp;
		};
		04A0B7362F61838D00B4CB48 /* PBXContainerItemProxy */ = {
			isa = PBXContainerItemProxy;
			containerPortal = 04A0B7132F61837D00B4CB48 /* Project object */;
			proxyType = 1;
			remoteGlobalIDString = 04A0B71A2F61837E00B4CB48;
			remoteInfo = ResumeAIApp;
		};
/* End PBXContainerItemProxy section */

/* Begin PBXFileReference section */
		0407FEDC2FBC723D001B503A /* HomeViewModel.swift */ = {isa = PBXFileReference; lastKnownFileType = sourcecode.swift; path = HomeViewModel.swift; sourceTree = "<group>"; };
		0407FEDE2FBC7339001B503A /* CompactResumeCard.swift */ = {isa = PBXFileReference; lastKnownFileType = sourcecode.swift; path = CompactResumeCard.swift; sourceTree = "<group>"; };
		0407FEE02FBC736E001B503A /* CompactCoverLetterCard.swift */ = {isa = PBXFileReference; lastKnownFileType = sourcecode.swift; path = CompactCoverLetterCard.swift; sourceTree = "<group>"; };
		0407FEE22FBC73B7001B503A /* CompactResumeSkeletonCard.swift */ = {isa = PBXFileReference; lastKnownFileType = sourcecode.swift; path = CompactResumeSkeletonCard.swift; sourceTree = "<group>"; };
		0407FEE42FBC73DC001B503A /* CompactCoverLetterSkeletonCard.swift */ = {isa = PBXFileReference; lastKnownFileType = sourcecode.swift; path = CompactCoverLetterSkeletonCard.swift; sourceTree = "<group>"; };
		0407FEE62FBC76FC001B503A /* CoverLetterSheetContent.swift */ = {isa = PBXFileReference; lastKnownFileType = sourcecode.swift; path = CoverLetterSheetContent.swift; sourceTree = "<group>"; };
		0407FEE82FBC776A001B503A /* RevenueCatPaywallOverlay.swift */ = {isa = PBXFileReference; lastKnownFileType = sourcecode.swift; path = RevenueCatPaywallOverlay.swift; sourceTree = "<group>"; };
		046F408A2F7161E0004AE45C /* TemplatePickerView.swift */ = {isa = PBXFileReference; lastKnownFileType = sourcecode.swift; path = TemplatePickerView.swift; sourceTree = "<group>"; };
		046F408C2F71628A004AE45C /* TemplateCard.swift */ = {isa = PBXFileReference; lastKnownFileType = sourcecode.swift; path = TemplateCard.swift; sourceTree = "<group>"; };
		047B69EE2F63167900DD44BD /* UserCv.swift */ = {isa = PBXFileReference; lastKnownFileType = sourcecode.swift; path = UserCv.swift; sourceTree = "<group>"; };
		047B69F02F6316A200DD44BD /* JobAd.swift */ = {isa = PBXFileReference; lastKnownFileType = sourcecode.swift; path = JobAd.swift; sourceTree = "<group>"; };
		047B69F22F6316CB00DD44BD /* AIService.swift */ = {isa = PBXFileReference; lastKnownFileType = sourcecode.swift; path = AIService.swift; sourceTree = "<group>"; };
		047B69F42F63170200DD44BD /* UploadJobAdView.swift */ = {isa = PBXFileReference; lastKnownFileType = sourcecode.swift; path = UploadJobAdView.swift; sourceTree = "<group>"; };
		047B69F62F6317B800DD44BD /* TailoredResumeView.swift */ = {isa = PBXFileReference; lastKnownFileType = sourcecode.swift; path = TailoredResumeView.swift; sourceTree = "<group>"; };
		047B69F82F631B1E00DD44BD /* ActionCard.swift */ = {isa = PBXFileReference; lastKnownFileType = sourcecode.swift; path = ActionCard.swift; sourceTree = "<group>"; };
		047B69FA2F63E47100DD44BD /* ATSService.swift */ = {isa = PBXFileReference; lastKnownFileType = sourcecode.swift; path = ATSService.swift; sourceTree = "<group>"; };
		047B69FC2F63E4AD00DD44BD /* ATSScoreView.swift */ = {isa = PBXFileReference; lastKnownFileType = sourcecode.swift; path = ATSScoreView.swift; sourceTree = "<group>"; };
		047B69FE2F63E52500DD44BD /* StorageService.swift */ = {isa = PBXFileReference; lastKnownFileType = sourcecode.swift; path = StorageService.swift; sourceTree = "<group>"; };
		047B6A002F63E56700DD44BD /* ResumeLibrary.swift */ = {isa = PBXFileReference; lastKnownFileType = sourcecode.swift; path = ResumeLibrary.swift; sourceTree = "<group>"; };
		047B6A022F63E6AC00DD44BD /* Launch Screen.storyboard */ = {isa = PBXFileReference; lastKnownFileType = file.storyboard; path = "Launch Screen.storyboard"; sourceTree = "<group>"; };
		047B6A052F6412E000DD44BD /* SwiftData.framework */ = {isa = PBXFileReference; lastKnownFileType = wrapper.framework; name = SwiftData.framework; path = System/Library/Frameworks/SwiftData.framework; sourceTree = SDKROOT; };
		047B6A072F646EA500DD44BD /* OnboardingItem.swift */ = {isa = PBXFileReference; lastKnownFileType = sourcecode.swift; path = OnboardingItem.swift; sourceTree = "<group>"; };
		047B6A092F646F1A00DD44BD /* OnboardingView.swift */ = {isa = PBXFileReference; lastKnownFileType = sourcecode.swift; path = OnboardingView.swift; sourceTree = "<group>"; };
		04885DEB2F7028AB009A800A /* ProfileViewModel.swift */ = {isa = PBXFileReference; lastKnownFileType = sourcecode.swift; path = ProfileViewModel.swift; sourceTree = "<group>"; };
		049012D12F69B3F7008BC58A /* Config.xcconfig */ = {isa = PBXFileReference; lastKnownFileType = text.xcconfig; path = Config.xcconfig; sourceTree = "<group>"; };
		04A0B71B2F61837E00B4CB48 /* ResumeAIApp.app */ = {isa = PBXFileReference; explicitFileType = wrapper.application; includeInIndex = 0; path = ResumeAIApp.app; sourceTree = BUILT_PRODUCTS_DIR; };
		04A0B71E2F61837E00B4CB48 /* ResumeAIAppApp.swift */ = {isa = PBXFileReference; lastKnownFileType = sourcecode.swift; path = ResumeAIAppApp.swift; sourceTree = "<group>"; };
		04A0B7202F61837E00B4CB48 /* ContentView.swift */ = {isa = PBXFileReference; lastKnownFileType = sourcecode.swift; path = ContentView.swift; sourceTree = "<group>"; };
		04A0B7222F61838B00B4CB48 /* Assets.xcassets */ = {isa = PBXFileReference; lastKnownFileType = folder.assetcatalog; path = Assets.xcassets; sourceTree = "<group>"; };
		04A0B7252F61838B00B4CB48 /* Preview Assets.xcassets */ = {isa = PBXFileReference; lastKnownFileType = folder.assetcatalog; path = "Preview Assets.xcassets"; sourceTree = "<group>"; };
		04A0B72B2F61838D00B4CB48 /* ResumeAIAppTests.xctest */ = {isa = PBXFileReference; explicitFileType = wrapper.cfbundle; includeInIndex = 0; path = ResumeAIAppTests.xctest; sourceTree = BUILT_PRODUCTS_DIR; };
		04A0B72F2F61838D00B4CB48 /* ResumeAIAppTests.swift */ = {isa = PBXFileReference; lastKnownFileType = sourcecode.swift; path = ResumeAIAppTests.swift; sourceTree = "<group>"; };
		04A0B7352F61838D00B4CB48 /* ResumeAIAppUITests.xctest */ = {isa = PBXFileReference; explicitFileType = wrapper.cfbundle; includeInIndex = 0; path = ResumeAIAppUITests.xctest; sourceTree = BUILT_PRODUCTS_DIR; };
		04A0B7392F61838D00B4CB48 /* ResumeAIAppUITests.swift */ = {isa = PBXFileReference; lastKnownFileType = sourcecode.swift; path = ResumeAIAppUITests.swift; sourceTree = "<group>"; };
		04A0B73B2F61838D00B4CB48 /* ResumeAIAppUITestsLaunchTests.swift */ = {isa = PBXFileReference; lastKnownFileType = sourcecode.swift; path = ResumeAIAppUITestsLaunchTests.swift; sourceTree = "<group>"; };
		04A0B7482F61846F00B4CB48 /* MainTabView.swift */ = {isa = PBXFileReference; lastKnownFileType = sourcecode.swift; path = MainTabView.swift; sourceTree = "<group>"; };
		04A0B74C2F6184F300B4CB48 /* ResumeViewModel.swift */ = {isa = PBXFileReference; lastKnownFileType = sourcecode.swift; path = ResumeViewModel.swift; sourceTree = "<group>"; };
		04A0B74E2F61852100B4CB48 /* ResumeCard.swift */ = {isa = PBXFileReference; lastKnownFileType = sourcecode.swift; path = ResumeCard.swift; sourceTree = "<group>"; };
		04A0B7502F61856300B4CB48 /* HomeView.swift */ = {isa = PBXFileReference; lastKnownFileType = sourcecode.swift; path = HomeView.swift; sourceTree = "<group>"; };
		04A0B7522F6185A900B4CB48 /* ResumeEditorView.swift */ = {isa = PBXFileReference; lastKnownFileType = sourcecode.swift; path = ResumeEditorView.swift; sourceTree = "<group>"; };
		04A0B7542F6185FD00B4CB48 /* CoverLetterView.swift */ = {isa = PBXFileReference; lastKnownFileType = sourcecode.swift; path = CoverLetterView.swift; sourceTree = "<group>"; };
		04A0B7562F61864000B4CB48 /* SettingsView.swift */ = {isa = PBXFileReference; lastKnownFileType = sourcecode.swift; path = SettingsView.swift; sourceTree = "<group>"; };
		04A0B7582F61868A00B4CB48 /* PDFService.swift */ = {isa = PBXFileReference; lastKnownFileType = sourcecode.swift; path = PDFService.swift; sourceTree = "<group>"; };
		04A7E5992FBF3A3D0060094D /* HeaderTitle.swift */ = {isa = PBXFileReference; lastKnownFileType = sourcecode.swift; path = HeaderTitle.swift; sourceTree = "<group>"; };
		04A7E59B2FBF44010060094D /* Terms&Codition.swift */ = {isa = PBXFileReference; lastKnownFileType = sourcecode.swift; path = "Terms&Codition.swift"; sourceTree = "<group>"; };
		04C2C4032F77F3840006D1D5 /* Paywall.swift */ = {isa = PBXFileReference; lastKnownFileType = sourcecode.swift; path = Paywall.swift; sourceTree = "<group>"; };
		04D6BF432F65308400A066B8 /* SupabaseManager.swift */ = {isa = PBXFileReference; lastKnownFileType = sourcecode.swift; path = SupabaseManager.swift; sourceTree = "<group>"; };
		04D6BF452F6530EE00A066B8 /* AuthService.swift */ = {isa = PBXFileReference; lastKnownFileType = sourcecode.swift; path = AuthService.swift; sourceTree = "<group>"; };
		04D6BF472F65316600A066B8 /* LoginView.swift */ = {isa = PBXFileReference; lastKnownFileType = sourcecode.swift; path = LoginView.swift; sourceTree = "<group>"; };
		04D6BF492F65339500A066B8 /* AuthManager.swift */ = {isa = PBXFileReference; lastKnownFileType = sourcecode.swift; path = AuthManager.swift; sourceTree = "<group>"; };
		04D6BF4D2F65393000A066B8 /* SignUpView.swift */ = {isa = PBXFileReference; lastKnownFileType = sourcecode.swift; path = SignUpView.swift; sourceTree = "<group>"; };
		04D6BF4F2F6548C500A066B8 /* ProfileView.swift */ = {isa = PBXFileReference; lastKnownFileType = sourcecode.swift; path = ProfileView.swift; sourceTree = "<group>"; };
		04D6BF512F65D4CE00A066B8 /* LinkedInImportView.swift */ = {isa = PBXFileReference; lastKnownFileType = sourcecode.swift; path = LinkedInImportView.swift; sourceTree = "<group>"; };
		04D6BF532F65D51B00A066B8 /* PDFParser.swift */ = {isa = PBXFileReference; lastKnownFileType = sourcecode.swift; path = PDFParser.swift; sourceTree = "<group>"; };
		04D6BF552F65D8BD00A066B8 /* AIQuickTool.swift */ = {isa = PBXFileReference; lastKnownFileType = sourcecode.swift; path = AIQuickTool.swift; sourceTree = "<group>"; };
		04DF1FE02F6ABAA100323B51 /* Info.plist */ = {isa = PBXFileReference; lastKnownFileType = text.plist; path = Info.plist; sourceTree = "<group>"; };
		04DF1FE12F6ADD7500323B51 /* EditProfileView.swift */ = {isa = PBXFileReference; lastKnownFileType = sourcecode.swift; path = EditProfileView.swift; sourceTree = "<group>"; };
		04DF1FE32F6B84E700323B51 /* ATSAnalytics.swift */ = {isa = PBXFileReference; lastKnownFileType = sourcecode.swift; path = ATSAnalytics.swift; sourceTree = "<group>"; };
		04DF1FE52F6B859D00323B51 /* ContactSupport.swift */ = {isa = PBXFileReference; lastKnownFileType = sourcecode.swift; path = ContactSupport.swift; sourceTree = "<group>"; };
		04DF1FE72F6B860100323B51 /* PrivacyPolicy.swift */ = {isa = PBXFileReference; lastKnownFileType = sourcecode.swift; path = PrivacyPolicy.swift; sourceTree = "<group>"; };
		04DF1FE92F6C224A00323B51 /* ResendEmail.swift */ = {isa = PBXFileReference; lastKnownFileType = sourcecode.swift; path = ResendEmail.swift; sourceTree = "<group>"; };
		04DF1FEB2F6EA1FB00323B51 /* Supabase.swift */ = {isa = PBXFileReference; lastKnownFileType = sourcecode.swift; path = Supabase.swift; sourceTree = "<group>"; };
		04DF1FED2F6EA42900323B51 /* Models.swift */ = {isa = PBXFileReference; lastKnownFileType = sourcecode.swift; path = Models.swift; sourceTree = "<group>"; };
		04E318772FA21CE10009EFAC /* UIViewRepresentable.swift */ = {isa = PBXFileReference; lastKnownFileType = sourcecode.swift; path = UIViewRepresentable.swift; sourceTree = "<group>"; };
		04E3187D2FA22A610009EFAC /* pilot.json */ = {isa = PBXFileReference; fileEncoding = 4; lastKnownFileType = text.json; path = pilot.json; sourceTree = "<group>"; };
		04E3187E2FA22A610009EFAC /* analyze.json */ = {isa = PBXFileReference; fileEncoding = 4; lastKnownFileType = text.json; path = analyze.json; sourceTree = "<group>"; };
		04E3187F2FA22A620009EFAC /* interview.json */ = {isa = PBXFileReference; fileEncoding = 4; lastKnownFileType = text.json; path = interview.json; sourceTree = "<group>"; };
		04E318802FA22A620009EFAC /* ai.json */ = {isa = PBXFileReference; fileEncoding = 4; lastKnownFileType = text.json; path = ai.json; sourceTree = "<group>"; };
/* End PBXFileReference section */

/* Begin PBXFrameworksBuildPhase section */
		04A0B7182F61837E00B4CB48 /* Frameworks */ = {
			isa = PBXFrameworksBuildPhase;
			buildActionMask = 2147483647;
			files = (
				042F299D2F66D3710023A548 /* ReceiptParser in Frameworks */,
				04D6BF4C2F6536FB00A066B8 /* Supabase in Frameworks */,
				04E3187C2FA228490009EFAC /* Lottie in Frameworks */,
				042F299F2F66D3710023A548 /* RevenueCat in Frameworks */,
				047B6A112F647E7E00DD44BD /* Storage in Frameworks */,
				042F29A12F66D3710023A548 /* RevenueCatUI in Frameworks */,
				047B6A0F2F647E7E00DD44BD /* PostgREST in Frameworks */,
				047B6A0D2F647E7E00DD44BD /* Auth in Frameworks */,
				047B6A062F6412E000DD44BD /* SwiftData.framework in Frameworks */,
			);
			runOnlyForDeploymentPostprocessing = 0;
		};
		04A0B7282F61838D00B4CB48 /* Frameworks */ = {
			isa = PBXFrameworksBuildPhase;
			buildActionMask = 2147483647;
			files = (
			);
			runOnlyForDeploymentPostprocessing = 0;
		};
		04A0B7322F61838D00B4CB48 /* Frameworks */ = {
			isa = PBXFrameworksBuildPhase;
			buildActionMask = 2147483647;
			files = (
			);
			runOnlyForDeploymentPostprocessing = 0;
		};
/* End PBXFrameworksBuildPhase section */

/* Begin PBXGroup section */
		042DEDE72F977C0200EB4260 /* ui */ = {
			isa = PBXGroup;
			children = (
				048A5C032FA0C5E900E64352 /* Onboarding */,
				048A5C022FA0C5D400E64352 /* Components */,
			);
			path = ui;
			sourceTree = "<group>";
		};
		042DEDE82F977C0E00EB4260 /* Authenticaton */ = {
			isa = PBXGroup;
			children = (
				04D6BF472F65316600A066B8 /* LoginView.swift */,
				04D6BF4D2F65393000A066B8 /* SignUpView.swift */,
			);
			path = Authenticaton;
			sourceTree = "<group>";
		};
		042DEDE92F977C2100EB4260 /* Helpers */ = {
			isa = PBXGroup;
			children = (
			);
			path = Helpers;
			sourceTree = "<group>";
		};
		042DEDEA2F977C2A00EB4260 /* res */ = {
			isa = PBXGroup;
			children = (
			);
			path = res;
			sourceTree = "<group>";
		};
		042DEDEB2F977C3A00EB4260 /* Services */ = {
			isa = PBXGroup;
			children = (
				047B69FA2F63E47100DD44BD /* ATSService.swift */,
				04A0B7582F61868A00B4CB48 /* PDFService.swift */,
				047B69FE2F63E52500DD44BD /* StorageService.swift */,
				04D6BF532F65D51B00A066B8 /* PDFParser.swift */,
				04D6BF492F65339500A066B8 /* AuthManager.swift */,
				04D6BF432F65308400A066B8 /* SupabaseManager.swift */,
				04D6BF452F6530EE00A066B8 /* AuthService.swift */,
				047B69F22F6316CB00DD44BD /* AIService.swift */,
				04DF1FE92F6C224A00323B51 /* ResendEmail.swift */,
				04DF1FEB2F6EA1FB00323B51 /* Supabase.swift */,
			);
			path = Services;
			sourceTree = "<group>";
		};
		042DEDEC2F977C4900EB4260 /* Models */ = {
			isa = PBXGroup;
			children = (
				047B69EE2F63167900DD44BD /* UserCv.swift */,
				047B6A072F646EA500DD44BD /* OnboardingItem.swift */,
				04DF1FED2F6EA42900323B51 /* Models.swift */,
				047B69F02F6316A200DD44BD /* JobAd.swift */,
			);
			path = Models;
			sourceTree = "<group>";
		};
		042DEDED2F977C5900EB4260 /* Features */ = {
			isa = PBXGroup;
			children = (
				048A5C072FA0C7B200E64352 /* Profile */,
				048A5C062FA0C7A300E64352 /* Coverletter */,
				048A5C052FA0C79700E64352 /* Resume */,
				048A5C042FA0C62400E64352 /* Home */,
			);
			path = Features;
			sourceTree = "<group>";
		};
		042DEDEE2F977C6900EB4260 /* app */ = {
			isa = PBXGroup;
			children = (
				04A0B71E2F61837E00B4CB48 /* ResumeAIAppApp.swift */,
				04A0B7482F61846F00B4CB48 /* MainTabView.swift */,
				04A0B7202F61837E00B4CB48 /* ContentView.swift */,
			);
			path = app;
			sourceTree = "<group>";
		};
		047B6A042F6412DF00DD44BD /* Frameworks */ = {
			isa = PBXGroup;
			children = (
				047B6A052F6412E000DD44BD /* SwiftData.framework */,
			);
			name = Frameworks;
			sourceTree = "<group>";
		};
		048A5C022FA0C5D400E64352 /* Components */ = {
			isa = PBXGroup;
			children = (
				04D6BF552F65D8BD00A066B8 /* AIQuickTool.swift */,
				047B69F42F63170200DD44BD /* UploadJobAdView.swift */,
				046F408A2F7161E0004AE45C /* TemplatePickerView.swift */,
				047B69F82F631B1E00DD44BD /* ActionCard.swift */,
				04A0B74E2F61852100B4CB48 /* ResumeCard.swift */,
				04D6BF512F65D4CE00A066B8 /* LinkedInImportView.swift */,
				047B69FC2F63E4AD00DD44BD /* ATSScoreView.swift */,
				04E318772FA21CE10009EFAC /* UIViewRepresentable.swift */,
				0407FEDE2FBC7339001B503A /* CompactResumeCard.swift */,
				0407FEE02FBC736E001B503A /* CompactCoverLetterCard.swift */,
				0407FEE22FBC73B7001B503A /* CompactResumeSkeletonCard.swift */,
				0407FEE42FBC73DC001B503A /* CompactCoverLetterSkeletonCard.swift */,
				0407FEE62FBC76FC001B503A /* CoverLetterSheetContent.swift */,
				0407FEE82FBC776A001B503A /* RevenueCatPaywallOverlay.swift */,
				04A7E5992FBF3A3D0060094D /* HeaderTitle.swift */,
			);
			path = Components;
			sourceTree = "<group>";
		};
		048A5C032FA0C5E900E64352 /* Onboarding */ = {
			isa = PBXGroup;
			children = (
				047B6A092F646F1A00DD44BD /* OnboardingView.swift */,
			);
			path = Onboarding;
			sourceTree = "<group>";
		};
		048A5C042FA0C62400E64352 /* Home */ = {
			isa = PBXGroup;
			children = (
				04A0B7502F61856300B4CB48 /* HomeView.swift */,
				0407FEDC2FBC723D001B503A /* HomeViewModel.swift */,
			);
			path = Home;
			sourceTree = "<group>";
		};
		048A5C052FA0C79700E64352 /* Resume */ = {
			isa = PBXGroup;
			children = (
				04A0B74C2F6184F300B4CB48 /* ResumeViewModel.swift */,
				04A0B7522F6185A900B4CB48 /* ResumeEditorView.swift */,
				047B69F62F6317B800DD44BD /* TailoredResumeView.swift */,
				047B6A002F63E56700DD44BD /* ResumeLibrary.swift */,
			);
			path = Resume;
			sourceTree = "<group>";
		};
		048A5C062FA0C7A300E64352 /* Coverletter */ = {
			isa = PBXGroup;
			children = (
				04A0B7542F6185FD00B4CB48 /* CoverLetterView.swift */,
			);
			path = Coverletter;
			sourceTree = "<group>";
		};
		048A5C072FA0C7B200E64352 /* Profile */ = {
			isa = PBXGroup;
			children = (
				048A5C0B2FA0C91900E64352 /* Terms&Conditions */,
				048A5C0A2FA0C90200E64352 /* Privacy */,
				048A5C092FA0C8C900E64352 /* Settings */,
				048A5C082FA0C8BC00E64352 /* Contact */,
				04DF1FE12F6ADD7500323B51 /* EditProfileView.swift */,
				04D6BF4F2F6548C500A066B8 /* ProfileView.swift */,
				04885DEB2F7028AB009A800A /* ProfileViewModel.swift */,
			);
			path = Profile;
			sourceTree = "<group>";
		};
		048A5C082FA0C8BC00E64352 /* Contact */ = {
			isa = PBXGroup;
			children = (
				04DF1FE52F6B859D00323B51 /* ContactSupport.swift */,
			);
			path = Contact;
			sourceTree = "<group>";
		};
		048A5C092FA0C8C900E64352 /* Settings */ = {
			isa = PBXGroup;
			children = (
				04A0B7562F61864000B4CB48 /* SettingsView.swift */,
			);
			path = Settings;
			sourceTree = "<group>";
		};
		048A5C0A2FA0C90200E64352 /* Privacy */ = {
			isa = PBXGroup;
			children = (
				04DF1FE72F6B860100323B51 /* PrivacyPolicy.swift */,
			);
			path = Privacy;
			sourceTree = "<group>";
		};
		048A5C0B2FA0C91900E64352 /* Terms&Conditions */ = {
			isa = PBXGroup;
			children = (
				04A7E59B2FBF44010060094D /* Terms&Codition.swift */,
			);
			path = "Terms&Conditions";
			sourceTree = "<group>";
		};
		04A0B7122F61837D00B4CB48 = {
			isa = PBXGroup;
			children = (
				049012D12F69B3F7008BC58A /* Config.xcconfig */,
				04A0B71D2F61837E00B4CB48 /* ResumeAIApp */,
				04A0B72E2F61838D00B4CB48 /* ResumeAIAppTests */,
				04A0B7382F61838D00B4CB48 /* ResumeAIAppUITests */,
				04A0B71C2F61837E00B4CB48 /* Products */,
				047B6A042F6412DF00DD44BD /* Frameworks */,
			);
			sourceTree = "<group>";
		};
		04A0B71C2F61837E00B4CB48 /* Products */ = {
			isa = PBXGroup;
			children = (
				04A0B71B2F61837E00B4CB48 /* ResumeAIApp.app */,
				04A0B72B2F61838D00B4CB48 /* ResumeAIAppTests.xctest */,
				04A0B7352F61838D00B4CB48 /* ResumeAIAppUITests.xctest */,
			);
			name = Products;
			sourceTree = "<group>";
		};
		04A0B71D2F61837E00B4CB48 /* ResumeAIApp */ = {
			isa = PBXGroup;
			children = (
				042DEDEE2F977C6900EB4260 /* app */,
				042DEDED2F977C5900EB4260 /* Features */,
				042DEDEC2F977C4900EB4260 /* Models */,
				042DEDEB2F977C3A00EB4260 /* Services */,
				042DEDEA2F977C2A00EB4260 /* res */,
				042DEDE92F977C2100EB4260 /* Helpers */,
				042DEDE82F977C0E00EB4260 /* Authenticaton */,
				042DEDE72F977C0200EB4260 /* ui */,
				046F408C2F71628A004AE45C /* TemplateCard.swift */,
				04DF1FE02F6ABAA100323B51 /* Info.plist */,
				04C2C4032F77F3840006D1D5 /* Paywall.swift */,
				04DF1FE32F6B84E700323B51 /* ATSAnalytics.swift */,
				047B6A022F63E6AC00DD44BD /* Launch Screen.storyboard */,
				04E318802FA22A620009EFAC /* ai.json */,
				04E3187E2FA22A610009EFAC /* analyze.json */,
				04E3187F2FA22A620009EFAC /* interview.json */,
				04E3187D2FA22A610009EFAC /* pilot.json */,
				04A0B7222F61838B00B4CB48 /* Assets.xcassets */,
				04A0B7242F61838B00B4CB48 /* Preview Content */,
			);
			path = ResumeAIApp;
			sourceTree = "<group>";
		};
		04A0B7242F61838B00B4CB48 /* Preview Content */ = {
			isa = PBXGroup;
			children = (
				04A0B7252F61838B00B4CB48 /* Preview Assets.xcassets */,
			);
			path = "Preview Content";
			sourceTree = "<group>";
		};
		04A0B72E2F61838D00B4CB48 /* ResumeAIAppTests */ = {
			isa = PBXGroup;
			children = (
				04A0B72F2F61838D00B4CB48 /* ResumeAIAppTests.swift */,
			);
			path = ResumeAIAppTests;
			sourceTree = "<group>";
		};
		04A0B7382F61838D00B4CB48 /* ResumeAIAppUITests */ = {
			isa = PBXGroup;
			children = (
				04A0B7392F61838D00B4CB48 /* ResumeAIAppUITests.swift */,
				04A0B73B2F61838D00B4CB48 /* ResumeAIAppUITestsLaunchTests.swift */,
			);
			path = ResumeAIAppUITests;
			sourceTree = "<group>";
		};
/* End PBXGroup section */

/* Begin PBXNativeTarget section */
		04A0B71A2F61837E00B4CB48 /* ResumeAIApp */ = {
			isa = PBXNativeTarget;
			buildConfigurationList = 04A0B73F2F61838D00B4CB48 /* Build configuration list for PBXNativeTarget "ResumeAIApp" */;
			buildPhases = (
				04A0B7172F61837E00B4CB48 /* Sources */,
				04A0B7182F61837E00B4CB48 /* Frameworks */,
				04A0B7192F61837E00B4CB48 /* Resources */,
			);
			buildRules = (
			);
			dependencies = (
			);
			name = ResumeAIApp;
			packageProductDependencies = (
				047B6A0C2F647E7E00DD44BD /* Auth */,
				047B6A0E2F647E7E00DD44BD /* PostgREST */,
				047B6A102F647E7E00DD44BD /* Storage */,
				04D6BF4B2F6536FB00A066B8 /* Supabase */,
				042F299C2F66D3710023A548 /* ReceiptParser */,
				042F299E2F66D3710023A548 /* RevenueCat */,
				042F29A02F66D3710023A548 /* RevenueCatUI */,
				04E3187B2FA228490009EFAC /* Lottie */,
			);
			productName = ResumeAIApp;
			productReference = 04A0B71B2F61837E00B4CB48 /* ResumeAIApp.app */;
			productType = "com.apple.product-type.application";
		};
		04A0B72A2F61838D00B4CB48 /* ResumeAIAppTests */ = {
			isa = PBXNativeTarget;
			buildConfigurationList = 04A0B7422F61838D00B4CB48 /* Build configuration list for PBXNativeTarget "ResumeAIAppTests" */;
			buildPhases = (
				04A0B7272F61838D00B4CB48 /* Sources */,
				04A0B7282F61838D00B4CB48 /* Frameworks */,
				04A0B7292F61838D00B4CB48 /* Resources */,
			);
			buildRules = (
			);
			dependencies = (
				04A0B72D2F61838D00B4CB48 /* PBXTargetDependency */,
			);
			name = ResumeAIAppTests;
			productName = ResumeAIAppTests;
			productReference = 04A0B72B2F61838D00B4CB48 /* ResumeAIAppTests.xctest */;
			productType = "com.apple.product-type.bundle.unit-test";
		};
		04A0B7342F61838D00B4CB48 /* ResumeAIAppUITests */ = {
			isa = PBXNativeTarget;
			buildConfigurationList = 04A0B7452F61838D00B4CB48 /* Build configuration list for PBXNativeTarget "ResumeAIAppUITests" */;
			buildPhases = (
				04A0B7312F61838D00B4CB48 /* Sources */,
				04A0B7322F61838D00B4CB48 /* Frameworks */,
				04A0B7332F61838D00B4CB48 /* Resources */,
			);
			buildRules = (
			);
			dependencies = (
				04A0B7372F61838D00B4CB48 /* PBXTargetDependency */,
			);
			name = ResumeAIAppUITests;
			productName = ResumeAIAppUITests;
			productReference = 04A0B7352F61838D00B4CB48 /* ResumeAIAppUITests.xctest */;
			productType = "com.apple.product-type.bundle.ui-testing";
		};
/* End PBXNativeTarget section */

/* Begin PBXProject section */
		04A0B7132F61837D00B4CB48 /* Project object */ = {
			isa = PBXProject;
			attributes = {
				BuildIndependentTargetsInParallel = 1;
				LastSwiftUpdateCheck = 1520;
				LastUpgradeCheck = 1520;
				TargetAttributes = {
					04A0B71A2F61837E00B4CB48 = {
						CreatedOnToolsVersion = 15.2;
					};
					04A0B72A2F61838D00B4CB48 = {
						CreatedOnToolsVersion = 15.2;
						TestTargetID = 04A0B71A2F61837E00B4CB48;
					};
					04A0B7342F61838D00B4CB48 = {
						CreatedOnToolsVersion = 15.2;
						TestTargetID = 04A0B71A2F61837E00B4CB48;
					};
				};
			};
			buildConfigurationList = 04A0B7162F61837D00B4CB48 /* Build configuration list for PBXProject "ResumeAIApp" */;
			compatibilityVersion = "Xcode 14.0";
			developmentRegion = en;
			hasScannedForEncodings = 0;
			knownRegions = (
				en,
				Base,
			);
			mainGroup = 04A0B7122F61837D00B4CB48;
			packageReferences = (
				047B6A0B2F647E7E00DD44BD /* XCRemoteSwiftPackageReference "supabase-swift" */,
				042F299B2F66D3710023A548 /* XCRemoteSwiftPackageReference "purchases-ios-spm" */,
				04E3187A2FA228490009EFAC /* XCRemoteSwiftPackageReference "lottie-ios" */,
			);
			productRefGroup = 04A0B71C2F61837E00B4CB48 /* Products */;
			projectDirPath = "";
			projectRoot = "";
			targets = (
				04A0B71A2F61837E00B4CB48 /* ResumeAIApp */,
				04A0B72A2F61838D00B4CB48 /* ResumeAIAppTests */,
				04A0B7342F61838D00B4CB48 /* ResumeAIAppUITests */,
			);
		};
/* End PBXProject section */

/* Begin PBXResourcesBuildPhase section */
		04A0B7192F61837E00B4CB48 /* Resources */ = {
			isa = PBXResourcesBuildPhase;
			buildActionMask = 2147483647;
			files = (
				047B6A032F63E6AC00DD44BD /* Launch Screen.storyboard in Resources */,
				04E318832FA22A620009EFAC /* interview.json in Resources */,
				04E318822FA22A620009EFAC /* analyze.json in Resources */,
				04A0B7262F61838B00B4CB48 /* Preview Assets.xcassets in Resources */,
				04E318812FA22A620009EFAC /* pilot.json in Resources */,
				04E318842FA22A620009EFAC /* ai.json in Resources */,
				04A0B7232F61838B00B4CB48 /* Assets.xcassets in Resources */,
			);
			runOnlyForDeploymentPostprocessing = 0;
		};
		04A0B7292F61838D00B4CB48 /* Resources */ = {
			isa = PBXResourcesBuildPhase;
			buildActionMask = 2147483647;
			files = (
			);
			runOnlyForDeploymentPostprocessing = 0;
		};
		04A0B7332F61838D00B4CB48 /* Resources */ = {
			isa = PBXResourcesBuildPhase;
			buildActionMask = 2147483647;
			files = (
			);
			runOnlyForDeploymentPostprocessing = 0;
		};
/* End PBXResourcesBuildPhase section */

/* Begin PBXSourcesBuildPhase section */
		04A0B7172F61837E00B4CB48 /* Sources */ = {
			isa = PBXSourcesBuildPhase;
			buildActionMask = 2147483647;
			files = (
				047B69F12F6316A200DD44BD /* JobAd.swift in Sources */,
				047B69F52F63170200DD44BD /* UploadJobAdView.swift in Sources */,
				04DF1FE62F6B859D00323B51 /* ContactSupport.swift in Sources */,
				04DF1FEA2F6C224A00323B51 /* ResendEmail.swift in Sources */,
				04DF1FE22F6ADD7500323B51 /* EditProfileView.swift in Sources */,
				047B69F72F6317B800DD44BD /* TailoredResumeView.swift in Sources */,
				04DF1FE42F6B84E700323B51 /* ATSAnalytics.swift in Sources */,
				04A0B7512F61856300B4CB48 /* HomeView.swift in Sources */,
				047B69FF2F63E52500DD44BD /* StorageService.swift in Sources */,
				04A7E59C2FBF44010060094D /* Terms&Codition.swift in Sources */,
				04A0B7592F61868A00B4CB48 /* PDFService.swift in Sources */,
				046F408D2F71628A004AE45C /* TemplateCard.swift in Sources */,
				04D6BF462F6530EE00A066B8 /* AuthService.swift in Sources */,
				047B69EF2F63167900DD44BD /* UserCv.swift in Sources */,
				04E318782FA21CE10009EFAC /* UIViewRepresentable.swift in Sources */,
				04A0B7212F61837E00B4CB48 /* ContentView.swift in Sources */,
				04885DEC2F7028AB009A800A /* ProfileViewModel.swift in Sources */,
				04D6BF4A2F65339500A066B8 /* AuthManager.swift in Sources */,
				04D6BF502F6548C500A066B8 /* ProfileView.swift in Sources */,
				04D6BF482F65316600A066B8 /* LoginView.swift in Sources */,
				0407FEE92FBC776A001B503A /* RevenueCatPaywallOverlay.swift in Sources */,
				047B6A012F63E56700DD44BD /* ResumeLibrary.swift in Sources */,
				04A0B74D2F6184F300B4CB48 /* ResumeViewModel.swift in Sources */,
				047B69F32F6316CB00DD44BD /* AIService.swift in Sources */,
				0407FEE72FBC76FC001B503A /* CoverLetterSheetContent.swift in Sources */,
				047B69FB2F63E47100DD44BD /* ATSService.swift in Sources */,
				0407FEDD2FBC723D001B503A /* HomeViewModel.swift in Sources */,
				04D6BF562F65D8BD00A066B8 /* AIQuickTool.swift in Sources */,
				047B6A082F646EA600DD44BD /* OnboardingItem.swift in Sources */,
				047B69F92F631B1E00DD44BD /* ActionCard.swift in Sources */,
				04D6BF522F65D4CE00A066B8 /* LinkedInImportView.swift in Sources */,
				04DF1FEC2F6EA1FB00323B51 /* Supabase.swift in Sources */,
				046F408B2F7161E0004AE45C /* TemplatePickerView.swift in Sources */,
				04A0B7552F6185FD00B4CB48 /* CoverLetterView.swift in Sources */,
				04DF1FEE2F6EA42900323B51 /* Models.swift in Sources */,
				04A0B7572F61864000B4CB48 /* SettingsView.swift in Sources */,
				0407FEDF2FBC7339001B503A /* CompactResumeCard.swift in Sources */,
				04A0B7532F6185A900B4CB48 /* ResumeEditorView.swift in Sources */,
				047B69FD2F63E4AD00DD44BD /* ATSScoreView.swift in Sources */,
				0407FEE52FBC73DC001B503A /* CompactCoverLetterSkeletonCard.swift in Sources */,
				04DF1FE82F6B860100323B51 /* PrivacyPolicy.swift in Sources */,
				04C2C4042F77F3840006D1D5 /* Paywall.swift in Sources */,
				04D6BF542F65D51B00A066B8 /* PDFParser.swift in Sources */,
				0407FEE12FBC736E001B503A /* CompactCoverLetterCard.swift in Sources */,
				04A0B71F2F61837E00B4CB48 /* ResumeAIAppApp.swift in Sources */,
				04D6BF4E2F65393000A066B8 /* SignUpView.swift in Sources */,
				04A0B74F2F61852200B4CB48 /* ResumeCard.swift in Sources */,
				0407FEE32FBC73B7001B503A /* CompactResumeSkeletonCard.swift in Sources */,
				047B6A0A2F646F1A00DD44BD /* OnboardingView.swift in Sources */,
				04A0B7492F61846F00B4CB48 /* MainTabView.swift in Sources */,
				04A7E59A2FBF3A3D0060094D /* HeaderTitle.swift in Sources */,
				04144CEC2F6962D000A47000 /* SupabaseManager.swift in Sources */,
			);
			runOnlyForDeploymentPostprocessing = 0;
		};
		04A0B7272F61838D00B4CB48 /* Sources */ = {
			isa = PBXSourcesBuildPhase;
			buildActionMask = 2147483647;
			files = (
				04A0B7302F61838D00B4CB48 /* ResumeAIAppTests.swift in Sources */,
			);
			runOnlyForDeploymentPostprocessing = 0;
		};
		04A0B7312F61838D00B4CB48 /* Sources */ = {
			isa = PBXSourcesBuildPhase;
			buildActionMask = 2147483647;
			files = (
				04A0B73A2F61838D00B4CB48 /* ResumeAIAppUITests.swift in Sources */,
				04A0B73C2F61838D00B4CB48 /* ResumeAIAppUITestsLaunchTests.swift in Sources */,
			);
			runOnlyForDeploymentPostprocessing = 0;
		};
/* End PBXSourcesBuildPhase section */

/* Begin PBXTargetDependency section */
		04A0B72D2F61838D00B4CB48 /* PBXTargetDependency */ = {
			isa = PBXTargetDependency;
			target = 04A0B71A2F61837E00B4CB48 /* ResumeAIApp */;
			targetProxy = 04A0B72C2F61838D00B4CB48 /* PBXContainerItemProxy */;
		};
		04A0B7372F61838D00B4CB48 /* PBXTargetDependency */ = {
			isa = PBXTargetDependency;
			target = 04A0B71A2F61837E00B4CB48 /* ResumeAIApp */;
			targetProxy = 04A0B7362F61838D00B4CB48 /* PBXContainerItemProxy */;
		};
/* End PBXTargetDependency section */

/* Begin XCBuildConfiguration section */
		04A0B73D2F61838D00B4CB48 /* Debug */ = {
			isa = XCBuildConfiguration;
			baseConfigurationReference = 049012D12F69B3F7008BC58A /* Config.xcconfig */;
			buildSettings = {
				ALWAYS_SEARCH_USER_PATHS = NO;
				ASSETCATALOG_COMPILER_GENERATE_SWIFT_ASSET_SYMBOL_EXTENSIONS = YES;
				CLANG_ANALYZER_NONNULL = YES;
				CLANG_ANALYZER_NUMBER_OBJECT_CONVERSION = YES_AGGRESSIVE;
				CLANG_CXX_LANGUAGE_STANDARD = "gnu++20";
				CLANG_ENABLE_MODULES = YES;
				CLANG_ENABLE_OBJC_ARC = YES;
				CLANG_ENABLE_OBJC_WEAK = YES;
				CLANG_WARN_BLOCK_CAPTURE_AUTORELEASING = YES;
				CLANG_WARN_BOOL_CONVERSION = YES;
				CLANG_WARN_COMMA = YES;
				CLANG_WARN_CONSTANT_CONVERSION = YES;
				CLANG_WARN_DEPRECATED_OBJC_IMPLEMENTATIONS = YES;
				CLANG_WARN_DIRECT_OBJC_ISA_USAGE = YES_ERROR;
				CLANG_WARN_DOCUMENTATION_COMMENTS = YES;
				CLANG_WARN_EMPTY_BODY = YES;
				CLANG_WARN_ENUM_CONVERSION = YES;
				CLANG_WARN_INFINITE_RECURSION = YES;
				CLANG_WARN_INT_CONVERSION = YES;
				CLANG_WARN_NON_LITERAL_NULL_CONVERSION = YES;
				CLANG_WARN_OBJC_IMPLICIT_RETAIN_SELF = YES;
				CLANG_WARN_OBJC_LITERAL_CONVERSION = YES;
				CLANG_WARN_OBJC_ROOT_CLASS = YES_ERROR;
				CLANG_WARN_QUOTED_INCLUDE_IN_FRAMEWORK_HEADER = YES;
				CLANG_WARN_RANGE_LOOP_ANALYSIS = YES;
				CLANG_WARN_STRICT_PROTOTYPES = YES;
				CLANG_WARN_SUSPICIOUS_MOVE = YES;
				CLANG_WARN_UNGUARDED_AVAILABILITY = YES_AGGRESSIVE;
				CLANG_WARN_UNREACHABLE_CODE = YES;
				CLANG_WARN__DUPLICATE_METHOD_MATCH = YES;
				COPY_PHASE_STRIP = NO;
				DEBUG_INFORMATION_FORMAT = dwarf;
				ENABLE_STRICT_OBJC_MSGSEND = YES;
				ENABLE_TESTABILITY = YES;
				ENABLE_USER_SCRIPT_SANDBOXING = YES;
				GCC_C_LANGUAGE_STANDARD = gnu17;
				GCC_DYNAMIC_NO_PIC = NO;
				GCC_NO_COMMON_BLOCKS = YES;
				GCC_OPTIMIZATION_LEVEL = 0;
				GCC_PREPROCESSOR_DEFINITIONS = (
					"DEBUG=1",
					"$(inherited)",
				);
				GCC_WARN_64_TO_32_BIT_CONVERSION = YES;
				GCC_WARN_ABOUT_RETURN_TYPE = YES_ERROR;
				GCC_WARN_UNDECLARED_SELECTOR = YES;
				GCC_WARN_UNINITIALIZED_AUTOS = YES_AGGRESSIVE;
				GCC_WARN_UNUSED_FUNCTION = YES;
				GCC_WARN_UNUSED_VARIABLE = YES;
				GENERATE_INFOPLIST_FILE = YES;
				INFOPLIST_FILE = "";
				IPHONEOS_DEPLOYMENT_TARGET = 17.0;
				LOCALIZATION_PREFERS_STRING_CATALOGS = YES;
				MTL_ENABLE_DEBUG_INFO = INCLUDE_SOURCE;
				MTL_FAST_MATH = YES;
				ONLY_ACTIVE_ARCH = YES;
				SDKROOT = iphoneos;
				SUPABASE_URL = "https://eocldmwhgovgdhuttwgs.supabase.co";
				SWIFT_ACTIVE_COMPILATION_CONDITIONS = "DEBUG $(inherited)";
				SWIFT_OPTIMIZATION_LEVEL = "-Onone";
			};
			name = Debug;
		};
		04A0B73E2F61838D00B4CB48 /* Release */ = {
			isa = XCBuildConfiguration;
			baseConfigurationReference = 049012D12F69B3F7008BC58A /* Config.xcconfig */;
			buildSettings = {
				ALWAYS_SEARCH_USER_PATHS = NO;
				ASSETCATALOG_COMPILER_GENERATE_SWIFT_ASSET_SYMBOL_EXTENSIONS = YES;
				CLANG_ANALYZER_NONNULL = YES;
				CLANG_ANALYZER_NUMBER_OBJECT_CONVERSION = YES_AGGRESSIVE;
				CLANG_CXX_LANGUAGE_STANDARD = "gnu++20";
				CLANG_ENABLE_MODULES = YES;
				CLANG_ENABLE_OBJC_ARC = YES;
				CLANG_ENABLE_OBJC_WEAK = YES;
				CLANG_WARN_BLOCK_CAPTURE_AUTORELEASING = YES;
				CLANG_WARN_BOOL_CONVERSION = YES;
				CLANG_WARN_COMMA = YES;
				CLANG_WARN_CONSTANT_CONVERSION = YES;
				CLANG_WARN_DEPRECATED_OBJC_IMPLEMENTATIONS = YES;
				CLANG_WARN_DIRECT_OBJC_ISA_USAGE = YES_ERROR;
				CLANG_WARN_DOCUMENTATION_COMMENTS = YES;
				CLANG_WARN_EMPTY_BODY = YES;
				CLANG_WARN_ENUM_CONVERSION = YES;
				CLANG_WARN_INFINITE_RECURSION = YES;
				CLANG_WARN_INT_CONVERSION = YES;
				CLANG_WARN_NON_LITERAL_NULL_CONVERSION = YES;
				CLANG_WARN_OBJC_IMPLICIT_RETAIN_SELF = YES;
				CLANG_WARN_OBJC_LITERAL_CONVERSION = YES;
				CLANG_WARN_OBJC_ROOT_CLASS = YES_ERROR;
				CLANG_WARN_QUOTED_INCLUDE_IN_FRAMEWORK_HEADER = YES;
				CLANG_WARN_RANGE_LOOP_ANALYSIS = YES;
				CLANG_WARN_STRICT_PROTOTYPES = YES;
				CLANG_WARN_SUSPICIOUS_MOVE = YES;
				CLANG_WARN_UNGUARDED_AVAILABILITY = YES_AGGRESSIVE;
				CLANG_WARN_UNREACHABLE_CODE = YES;
				CLANG_WARN__DUPLICATE_METHOD_MATCH = YES;
				COPY_PHASE_STRIP = NO;
				DEBUG_INFORMATION_FORMAT = "dwarf-with-dsym";
				ENABLE_NS_ASSERTIONS = NO;
				ENABLE_STRICT_OBJC_MSGSEND = YES;
				ENABLE_USER_SCRIPT_SANDBOXING = YES;
				GCC_C_LANGUAGE_STANDARD = gnu17;
				GCC_NO_COMMON_BLOCKS = YES;
				GCC_WARN_64_TO_32_BIT_CONVERSION = YES;
				GCC_WARN_ABOUT_RETURN_TYPE = YES_ERROR;
				GCC_WARN_UNDECLARED_SELECTOR = YES;
				GCC_WARN_UNINITIALIZED_AUTOS = YES_AGGRESSIVE;
				GCC_WARN_UNUSED_FUNCTION = YES;
				GCC_WARN_UNUSED_VARIABLE = YES;
				GENERATE_INFOPLIST_FILE = YES;
				INFOPLIST_FILE = "";
				IPHONEOS_DEPLOYMENT_TARGET = 17.0;
				LOCALIZATION_PREFERS_STRING_CATALOGS = YES;
				MTL_ENABLE_DEBUG_INFO = NO;
				MTL_FAST_MATH = YES;
				SDKROOT = iphoneos;
				SUPABASE_URL = "https://eocldmwhgovgdhuttwgs.supabase.co";
				SWIFT_COMPILATION_MODE = wholemodule;
				VALIDATE_PRODUCT = YES;
			};
			name = Release;
		};
		04A0B7402F61838D00B4CB48 /* Debug */ = {
			isa = XCBuildConfiguration;
			baseConfigurationReference = 049012D12F69B3F7008BC58A /* Config.xcconfig */;
			buildSettings = {
				ASSETCATALOG_COMPILER_APPICON_NAME = AppIcon;
				ASSETCATALOG_COMPILER_GLOBAL_ACCENT_COLOR_NAME = AccentColor;
				ASSETCATALOG_COMPILER_INCLUDE_ALL_APPICON_ASSETS = YES;
				CODE_SIGN_STYLE = Automatic;
				CURRENT_PROJECT_VERSION = 1;
				DEVELOPMENT_ASSET_PATHS = "\"ResumeAIApp/Preview Content\"";
				DEVELOPMENT_TEAM = FMB873S974;
				ENABLE_PREVIEWS = YES;
				GENERATE_INFOPLIST_FILE = YES;
				INFOPLIST_FILE = ResumeAIApp/Info.plist;
				"INFOPLIST_FILE[sdk=*]" = "";
				INFOPLIST_KEY_CFBundleDisplayName = "CV Pilot";
				INFOPLIST_KEY_LSApplicationCategoryType = "public.app-category.productivity";
				INFOPLIST_KEY_UIApplicationSceneManifest_Generation = YES;
				INFOPLIST_KEY_UIApplicationSupportsIndirectInputEvents = YES;
				INFOPLIST_KEY_UILaunchScreen_Generation = YES;
				INFOPLIST_KEY_UILaunchStoryboardName = "Launch Screen.storyboard";
				INFOPLIST_KEY_UISupportedInterfaceOrientations_iPad = "UIInterfaceOrientationPortrait UIInterfaceOrientationPortraitUpsideDown UIInterfaceOrientationLandscapeLeft UIInterfaceOrientationLandscapeRight";
				INFOPLIST_KEY_UISupportedInterfaceOrientations_iPhone = "UIInterfaceOrientationPortrait UIInterfaceOrientationLandscapeLeft UIInterfaceOrientationLandscapeRight";
				LD_RUNPATH_SEARCH_PATHS = (
					"$(inherited)",
					"@executable_path/Frameworks",
				);
				MARKETING_VERSION = 1.0;
				NEW_SETTING = "";
				PRODUCT_BUNDLE_IDENTIFIER = co.ke.mangochopsstudio.ResumeAIApp;
				PRODUCT_NAME = "$(TARGET_NAME)";
				SUPABASE_URL = "https://eocldmwhgovgdhuttwgs.supabase.co";
				SWIFT_EMIT_LOC_STRINGS = YES;
				SWIFT_VERSION = 5.0;
				TARGETED_DEVICE_FAMILY = "1,2";
			};
			name = Debug;
		};
		04A0B7412F61838D00B4CB48 /* Release */ = {
			isa = XCBuildConfiguration;
			baseConfigurationReference = 049012D12F69B3F7008BC58A /* Config.xcconfig */;
			buildSettings = {
				ASSETCATALOG_COMPILER_APPICON_NAME = AppIcon;
				ASSETCATALOG_COMPILER_GLOBAL_ACCENT_COLOR_NAME = AccentColor;
				ASSETCATALOG_COMPILER_INCLUDE_ALL_APPICON_ASSETS = YES;
				CODE_SIGN_STYLE = Automatic;
				CURRENT_PROJECT_VERSION = 1;
				DEVELOPMENT_ASSET_PATHS = "\"ResumeAIApp/Preview Content\"";
				DEVELOPMENT_TEAM = FMB873S974;
				ENABLE_PREVIEWS = YES;
				GENERATE_INFOPLIST_FILE = YES;
				INFOPLIST_FILE = ResumeAIApp/Info.plist;
				INFOPLIST_KEY_CFBundleDisplayName = "CV Pilot";
				INFOPLIST_KEY_LSApplicationCategoryType = "public.app-category.productivity";
				INFOPLIST_KEY_UIApplicationSceneManifest_Generation = YES;
				INFOPLIST_KEY_UIApplicationSupportsIndirectInputEvents = YES;
				INFOPLIST_KEY_UILaunchScreen_Generation = YES;
				INFOPLIST_KEY_UILaunchStoryboardName = "Launch Screen.storyboard";
				INFOPLIST_KEY_UISupportedInterfaceOrientations_iPad = "UIInterfaceOrientationPortrait UIInterfaceOrientationPortraitUpsideDown UIInterfaceOrientationLandscapeLeft UIInterfaceOrientationLandscapeRight";
				INFOPLIST_KEY_UISupportedInterfaceOrientations_iPhone = "UIInterfaceOrientationPortrait UIInterfaceOrientationLandscapeLeft UIInterfaceOrientationLandscapeRight";
				LD_RUNPATH_SEARCH_PATHS = (
					"$(inherited)",
					"@executable_path/Frameworks",
				);
				MARKETING_VERSION = 1.0;
				NEW_SETTING = "";
				PRODUCT_BUNDLE_IDENTIFIER = co.ke.mangochopsstudio.ResumeAIApp;
				PRODUCT_NAME = "$(TARGET_NAME)";
				SUPABASE_URL = "https://eocldmwhgovgdhuttwgs.supabase.co";
				SWIFT_EMIT_LOC_STRINGS = YES;
				SWIFT_VERSION = 5.0;
				TARGETED_DEVICE_FAMILY = "1,2";
			};
			name = Release;
		};
		04A0B7432F61838D00B4CB48 /* Debug */ = {
			isa = XCBuildConfiguration;
			baseConfigurationReference = 049012D12F69B3F7008BC58A /* Config.xcconfig */;
			buildSettings = {
				ALWAYS_EMBED_SWIFT_STANDARD_LIBRARIES = YES;
				BUNDLE_LOADER = "$(TEST_HOST)";
				CODE_SIGN_STYLE = Automatic;
				CURRENT_PROJECT_VERSION = 1;
				DEVELOPMENT_TEAM = FMB873S974;
				GENERATE_INFOPLIST_FILE = YES;
				IPHONEOS_DEPLOYMENT_TARGET = 17.0;
				MARKETING_VERSION = 1.0;
				PRODUCT_BUNDLE_IDENTIFIER = co.ke.mangochopsstudio.ResumeAIAppTests;
				PRODUCT_NAME = "$(TARGET_NAME)";
				SWIFT_EMIT_LOC_STRINGS = NO;
				SWIFT_VERSION = 5.0;
				TARGETED_DEVICE_FAMILY = "1,2";
				TEST_HOST = "$(BUILT_PRODUCTS_DIR)/ResumeAIApp.app/$(BUNDLE_EXECUTABLE_FOLDER_PATH)/ResumeAIApp";
			};
			name = Debug;
		};
		04A0B7442F61838D00B4CB48 /* Release */ = {
			isa = XCBuildConfiguration;
			baseConfigurationReference = 049012D12F69B3F7008BC58A /* Config.xcconfig */;
			buildSettings = {
				ALWAYS_EMBED_SWIFT_STANDARD_LIBRARIES = YES;
				BUNDLE_LOADER = "$(TEST_HOST)";
				CODE_SIGN_STYLE = Automatic;
				CURRENT_PROJECT_VERSION = 1;
				DEVELOPMENT_TEAM = FMB873S974;
				GENERATE_INFOPLIST_FILE = YES;
				IPHONEOS_DEPLOYMENT_TARGET = 17.0;
				MARKETING_VERSION = 1.0;
				PRODUCT_BUNDLE_IDENTIFIER = co.ke.mangochopsstudio.ResumeAIAppTests;
				PRODUCT_NAME = "$(TARGET_NAME)";
				SWIFT_EMIT_LOC_STRINGS = NO;
				SWIFT_VERSION = 5.0;
				TARGETED_DEVICE_FAMILY = "1,2";
				TEST_HOST = "$(BUILT_PRODUCTS_DIR)/ResumeAIApp.app/$(BUNDLE_EXECUTABLE_FOLDER_PATH)/ResumeAIApp";
			};
			name = Release;
		};
		04A0B7462F61838D00B4CB48 /* Debug */ = {
			isa = XCBuildConfiguration;
			baseConfigurationReference = 049012D12F69B3F7008BC58A /* Config.xcconfig */;
			buildSettings = {
				ALWAYS_EMBED_SWIFT_STANDARD_LIBRARIES = YES;
				CODE_SIGN_STYLE = Automatic;
				CURRENT_PROJECT_VERSION = 1;
				DEVELOPMENT_TEAM = FMB873S974;
				GENERATE_INFOPLIST_FILE = YES;
				MARKETING_VERSION = 1.0;
				PRODUCT_BUNDLE_IDENTIFIER = co.ke.mangochopsstudio.ResumeAIAppUITests;
				PRODUCT_NAME = "$(TARGET_NAME)";
				SWIFT_EMIT_LOC_STRINGS = NO;
				SWIFT_VERSION = 5.0;
				TARGETED_DEVICE_FAMILY = "1,2";
				TEST_TARGET_NAME = ResumeAIApp;
			};
			name = Debug;
		};
		04A0B7472F61838D00B4CB48 /* Release */ = {
			isa = XCBuildConfiguration;
			baseConfigurationReference = 049012D12F69B3F7008BC58A /* Config.xcconfig */;
			buildSettings = {
				ALWAYS_EMBED_SWIFT_STANDARD_LIBRARIES = YES;
				CODE_SIGN_STYLE = Automatic;
				CURRENT_PROJECT_VERSION = 1;
				DEVELOPMENT_TEAM = FMB873S974;
				GENERATE_INFOPLIST_FILE = YES;
				MARKETING_VERSION = 1.0;
				PRODUCT_BUNDLE_IDENTIFIER = co.ke.mangochopsstudio.ResumeAIAppUITests;
				PRODUCT_NAME = "$(TARGET_NAME)";
				SWIFT_EMIT_LOC_STRINGS = NO;
				SWIFT_VERSION = 5.0;
				TARGETED_DEVICE_FAMILY = "1,2";
				TEST_TARGET_NAME = ResumeAIApp;
			};
			name = Release;
		};
/* End XCBuildConfiguration section */

/* Begin XCConfigurationList section */
		04A0B7162F61837D00B4CB48 /* Build configuration list for PBXProject "ResumeAIApp" */ = {
			isa = XCConfigurationList;
			buildConfigurations = (
				04A0B73D2F61838D00B4CB48 /* Debug */,
				04A0B73E2F61838D00B4CB48 /* Release */,
			);
			defaultConfigurationIsVisible = 0;
			defaultConfigurationName = Release;
		};
		04A0B73F2F61838D00B4CB48 /* Build configuration list for PBXNativeTarget "ResumeAIApp" */ = {
			isa = XCConfigurationList;
			buildConfigurations = (
				04A0B7402F61838D00B4CB48 /* Debug */,
				04A0B7412F61838D00B4CB48 /* Release */,
			);
			defaultConfigurationIsVisible = 0;
			defaultConfigurationName = Release;
		};
		04A0B7422F61838D00B4CB48 /* Build configuration list for PBXNativeTarget "ResumeAIAppTests" */ = {
			isa = XCConfigurationList;
			buildConfigurations = (
				04A0B7432F61838D00B4CB48 /* Debug */,
				04A0B7442F61838D00B4CB48 /* Release */,
			);
			defaultConfigurationIsVisible = 0;
			defaultConfigurationName = Release;
		};
		04A0B7452F61838D00B4CB48 /* Build configuration list for PBXNativeTarget "ResumeAIAppUITests" */ = {
			isa = XCConfigurationList;
			buildConfigurations = (
				04A0B7462F61838D00B4CB48 /* Debug */,
				04A0B7472F61838D00B4CB48 /* Release */,
			);
			defaultConfigurationIsVisible = 0;
			defaultConfigurationName = Release;
		};
/* End XCConfigurationList section */

/* Begin XCRemoteSwiftPackageReference section */
		042F299B2F66D3710023A548 /* XCRemoteSwiftPackageReference "purchases-ios-spm" */ = {
			isa = XCRemoteSwiftPackageReference;
			repositoryURL = "https://github.com/RevenueCat/purchases-ios-spm.git";
			requirement = {
				kind = upToNextMajorVersion;
				minimumVersion = 5.64.0;
			};
		};
		047B6A0B2F647E7E00DD44BD /* XCRemoteSwiftPackageReference "supabase-swift" */ = {
			isa = XCRemoteSwiftPackageReference;
			repositoryURL = "https://github.com/supabase/supabase-swift";
			requirement = {
				kind = upToNextMajorVersion;
				minimumVersion = 2.5.1;
			};
		};
		04E3187A2FA228490009EFAC /* XCRemoteSwiftPackageReference "lottie-ios" */ = {
			isa = XCRemoteSwiftPackageReference;
			repositoryURL = "https://github.com/airbnb/lottie-ios.git";
			requirement = {
				kind = exactVersion;
				version = 4.4.1;
			};
		};
/* End XCRemoteSwiftPackageReference section */

/* Begin XCSwiftPackageProductDependency section */
		042F299C2F66D3710023A548 /* ReceiptParser */ = {
			isa = XCSwiftPackageProductDependency;
			package = 042F299B2F66D3710023A548 /* XCRemoteSwiftPackageReference "purchases-ios-spm" */;
			productName = ReceiptParser;
		};
		042F299E2F66D3710023A548 /* RevenueCat */ = {
			isa = XCSwiftPackageProductDependency;
			package = 042F299B2F66D3710023A548 /* XCRemoteSwiftPackageReference "purchases-ios-spm" */;
			productName = RevenueCat;
		};
		042F29A02F66D3710023A548 /* RevenueCatUI */ = {
			isa = XCSwiftPackageProductDependency;
			package = 042F299B2F66D3710023A548 /* XCRemoteSwiftPackageReference "purchases-ios-spm" */;
			productName = RevenueCatUI;
		};
		047B6A0C2F647E7E00DD44BD /* Auth */ = {
			isa = XCSwiftPackageProductDependency;
			package = 047B6A0B2F647E7E00DD44BD /* XCRemoteSwiftPackageReference "supabase-swift" */;
			productName = Auth;
		};
		047B6A0E2F647E7E00DD44BD /* PostgREST */ = {
			isa = XCSwiftPackageProductDependency;
			package = 047B6A0B2F647E7E00DD44BD /* XCRemoteSwiftPackageReference "supabase-swift" */;
			productName = PostgREST;
		};
		047B6A102F647E7E00DD44BD /* Storage */ = {
			isa = XCSwiftPackageProductDependency;
			package = 047B6A0B2F647E7E00DD44BD /* XCRemoteSwiftPackageReference "supabase-swift" */;
			productName = Storage;
		};
		04D6BF4B2F6536FB00A066B8 /* Supabase */ = {
			isa = XCSwiftPackageProductDependency;
			package = 047B6A0B2F647E7E00DD44BD /* XCRemoteSwiftPackageReference "supabase-swift" */;
			productName = Supabase;
		};
		04E3187B2FA228490009EFAC /* Lottie */ = {
			isa = XCSwiftPackageProductDependency;
			package = 04E3187A2FA228490009EFAC /* XCRemoteSwiftPackageReference "lottie-ios" */;
			productName = Lottie;
		};
/* End XCSwiftPackageProductDependency section */
	};
	rootObject = 04A0B7132F61837D00B4CB48 /* Project object */;
}
